
Microsoft Visual Studio Solution File, Format Version 12.00
# Visual Studio Version 17
VisualStudioVersion = 17.9.34728.123
MinimumVisualStudioVersion = 10.0.40219.1
Project("{FAE04EC0-301F-11D3-BF4B-00C04F79EFBC}") = "wFormularioMDI", "wFormularioMDI\wFormularioMDI.csproj", "{4E22CD6D-13E8-4147-83CC-42A17B11169B}"
EndProject
Global
	GlobalSection(SolutionConfigurationPlatforms) = preSolution
		Debug|Any CPU = Debug|Any CPU
		Release|Any CPU = Release|Any CPU
	EndGlobalSection
	GlobalSection(ProjectConfigurationPlatforms) = postSolution
		{4E22CD6D-13E8-4147-83CC-42A17B11169B}.Debug|Any CPU.ActiveCfg = Debug|Any CPU
		{4E22CD6D-13E8-4147-83CC-42A17B11169B}.Debug|Any CPU.Build.0 = Debug|Any CPU
		{4E22CD6D-13E8-4147-83CC-42A17B11169B}.Release|Any CPU.ActiveCfg = Release|Any CPU
		{4E22CD6D-13E8-4147-83CC-42A17B11169B}.Release|Any CPU.Build.0 = Release|Any CPU
	EndGlobalSection
	GlobalSection(SolutionProperties) = preSolution
		HideSolutionNode = FALSE
	EndGlobalSection
	GlobalSection(ExtensibilityGlobals) = postSolution
		SolutionGuid = {0FE76D43-A46B-4E6A-BA0E-143D4E7F9D41}
	EndGlobalSection
EndGlobal
